
Microsoft Visual Studio Solution File, Format Version 12.00
# Visual Studio Version 17
VisualStudioVersion = 17.8.34309.116
MinimumVisualStudioVersion = 10.0.40219.1
Project("{FAE04EC0-301F-11D3-BF4B-00C04F79EFBC}") = "project_form", "project_form\project_form.csproj", "{3F4FBA6D-8D37-4FEE-B031-C1A8D0312EAE}"
EndProject
Global
	GlobalSection(SolutionConfigurationPlatforms) = preSolution
		Debug|Any CPU = Debug|Any CPU
		Release|Any CPU = Release|Any CPU
	EndGlobalSection
	GlobalSection(ProjectConfigurationPlatforms) = postSolution
		{3F4FBA6D-8D37-4FEE-B031-C1A8D0312EAE}.Debug|Any CPU.ActiveCfg = Debug|Any CPU
		{3F4FBA6D-8D37-4FEE-B031-C1A8D0312EAE}.Debug|Any CPU.Build.0 = Debug|Any CPU
		{3F4FBA6D-8D37-4FEE-B031-C1A8D0312EAE}.Release|Any CPU.ActiveCfg = Release|Any CPU
		{3F4FBA6D-8D37-4FEE-B031-C1A8D0312EAE}.Release|Any CPU.Build.0 = Release|Any CPU
	EndGlobalSection
	GlobalSection(SolutionProperties) = preSolution
		HideSolutionNode = FALSE
	EndGlobalSection
	GlobalSection(ExtensibilityGlobals) = postSolution
		SolutionGuid = {A65E19D5-7B22-4907-A564-63FA235AC87F}
	EndGlobalSection
EndGlobal
